// !$*UTF8*$!
{
	archiveVersion = 1;
	classes = {
	};
	objectVersion = 56;
	objects = {

/* Begin PBXBuildFile section */
		9D575FE7294817A400611C7D /* TestCart.h in Headers */ = {isa = PBXBuildFile; fileRef = 9D575FE6294817A400611C7D /* TestCart.h */; settings = {ATTRIBUTES = (Public, ); }; };
		9D575FEE294817E400611C7D /* TestHello.swift in Sources */ = {isa = PBXBuildFile; fileRef = 9D575FED294817E400611C7D /* TestHello.swift */; };
		9D575FF629481AEB00611C7D /* AppDelegate.swift in Sources */ = {isa = PBXBuildFile; fileRef = 9D575FF529481AEB00611C7D /* AppDelegate.swift */; };
		9D575FF829481AEB00611C7D /* ViewController.swift in Sources */ = {isa = PBXBuildFile; fileRef = 9D575FF729481AEB00611C7D /* ViewController.swift */; };
		9D575FFB29481AEB00611C7D /* Main.storyboard in Resources */ = {isa = PBXBuildFile; fileRef = 9D575FF929481AEB00611C7D /* Main.storyboard */; };
		9D575FFD29481AEC00611C7D /* Assets.xcassets in Resources */ = {isa = PBXBuildFile; fileRef = 9D575FFC29481AEC00611C7D /* Assets.xcassets */; };
		9D57600029481AEC00611C7D /* LaunchScreen.storyboard in Resources */ = {isa = PBXBuildFile; fileRef = 9D575FFE29481AEC00611C7D /* LaunchScreen.storyboard */; };
		9D57600529481B4500611C7D /* TestCart.framework in Frameworks */ = {isa = PBXBuildFile; fileRef = 9D575FE3294817A400611C7D /* TestCart.framework */; };
		9D57600629481B4500611C7D /* TestCart.framework in Embed Frameworks */ = {isa = PBXBuildFile; fileRef = 9D575FE3294817A400611C7D /* TestCart.framework */; settings = {ATTRIBUTES = (CodeSignOnCopy, RemoveHeadersOnCopy, ); }; };
/* End PBXBuildFile section */

/* Begin PBXContainerItemProxy section */
		9D57600729481B4500611C7D /* PBXContainerItemProxy */ = {
			isa = PBXContainerItemProxy;
			containerPortal = 9D575FDA294817A400611C7D /* Project object */;
			proxyType = 1;
			remoteGlobalIDString = 9D575FE2294817A400611C7D;
			remoteInfo = TestCart;
		};
/* End PBXContainerItemProxy section */

/* Begin PBXCopyFilesBuildPhase section */
		9D57600929481B4500611C7D /* Embed Frameworks */ = {
			isa = PBXCopyFilesBuildPhase;
			buildActionMask = 2147483647;
			dstPath = "";
			dstSubfolderSpec = 10;
			files = (
				9D57600629481B4500611C7D /* TestCart.framework in Embed Frameworks */,
			);
			name = "Embed Frameworks";
			runOnlyForDeploymentPostprocessing = 0;
		};
/* End PBXCopyFilesBuildPhase section */

/* Begin PBXFileReference section */
		9D575FE3294817A400611C7D /* TestCart.framework */ = {isa = PBXFileReference; explicitFileType = wrapper.framework; includeInIndex = 0; path = TestCart.framework; sourceTree = BUILT_PRODUCTS_DIR; };
		9D575FE6294817A400611C7D /* TestCart.h */ = {isa = PBXFileReference; lastKnownFileType = sourcecode.c.h; path = TestCart.h; sourceTree = "<group>"; };
		9D575FED294817E400611C7D /* TestHello.swift */ = {isa = PBXFileReference; lastKnownFileType = sourcecode.swift; path = TestHello.swift; sourceTree = "<group>"; };
		9D575FF329481AEB00611C7D /* TestApp.app */ = {isa = PBXFileReference; explicitFileType = wrapper.application; includeInIndex = 0; path = TestApp.app; sourceTree = BUILT_PRODUCTS_DIR; };
		9D575FF529481AEB00611C7D /* AppDelegate.swift */ = {isa = PBXFileReference; lastKnownFileType = sourcecode.swift; path = AppDelegate.swift; sourceTree = "<group>"; };
		9D575FF729481AEB00611C7D /* ViewController.swift */ = {isa = PBXFileReference; lastKnownFileType = sourcecode.swift; path = ViewController.swift; sourceTree = "<group>"; };
		9D575FFA29481AEB00611C7D /* Base */ = {isa = PBXFileReference; lastKnownFileType = file.storyboard; name = Base; path = Base.lproj/Main.storyboard; sourceTree = "<group>"; };
		9D575FFC29481AEC00611C7D /* Assets.xcassets */ = {isa = PBXFileReference; lastKnownFileType = folder.assetcatalog; path = Assets.xcassets; sourceTree = "<group>"; };
		9D575FFF29481AEC00611C7D /* Base */ = {isa = PBXFileReference; lastKnownFileType = file.storyboard; name = Base; path = Base.lproj/LaunchScreen.storyboard; sourceTree = "<group>"; };
/* End PBXFileReference section */

/* Begin PBXFrameworksBuildPhase section */
		9D575FE0294817A400611C7D /* Frameworks */ = {
			isa = PBXFrameworksBuildPhase;
			buildActionMask = 2147483647;
			files = (
			);
			runOnlyForDeploymentPostprocessing = 0;
		};
		9D575FF029481AEB00611C7D /* Frameworks */ = {
			isa = PBXFrameworksBuildPhase;
			buildActionMask = 2147483647;
			files = (
				9D57600529481B4500611C7D /* TestCart.framework in Frameworks */,
			);
			runOnlyForDeploymentPostprocessing = 0;
		};
/* End PBXFrameworksBuildPhase section */

/* Begin PBXGroup section */
		9D575FD9294817A400611C7D = {
			isa = PBXGroup;
			children = (
				9D575FE5294817A400611C7D /* TestCart */,
				9D575FF429481AEB00611C7D /* TestApp */,
				9D575FE4294817A400611C7D /* Products */,
				9D57600429481B4500611C7D /* Frameworks */,
			);
			sourceTree = "<group>";
		};
		9D575FE4294817A400611C7D /* Products */ = {
			isa = PBXGroup;
			children = (
				9D575FE3294817A400611C7D /* TestCart.framework */,
				9D575FF329481AEB00611C7D /* TestApp.app */,
			);
			name = Products;
			sourceTree = "<group>";
		};
		9D575FE5294817A400611C7D /* TestCart */ = {
			isa = PBXGroup;
			children = (
				9D575FE6294817A400611C7D /* TestCart.h */,
				9D575FED294817E400611C7D /* TestHello.swift */,
			);
			path = TestCart;
			sourceTree = "<group>";
		};
		9D575FF429481AEB00611C7D /* TestApp */ = {
			isa = PBXGroup;
			children = (
				9D575FF529481AEB00611C7D /* AppDelegate.swift */,
				9D575FF729481AEB00611C7D /* ViewController.swift */,
				9D575FF929481AEB00611C7D /* Main.storyboard */,
				9D575FFC29481AEC00611C7D /* Assets.xcassets */,
				9D575FFE29481AEC00611C7D /* LaunchScreen.storyboard */,
			);
			path = TestApp;
			sourceTree = "<group>";
		};
		9D57600429481B4500611C7D /* Frameworks */ = {
			isa = PBXGroup;
			children = (
			);
			name = Frameworks;
			sourceTree = "<group>";
		};
/* End PBXGroup section */

/* Begin PBXHeadersBuildPhase section */
		9D575FDE294817A400611C7D /* Headers */ = {
			isa = PBXHeadersBuildPhase;
			buildActionMask = 2147483647;
			files = (
				9D575FE7294817A400611C7D /* TestCart.h in Headers */,
			);
			runOnlyForDeploymentPostprocessing = 0;
		};
/* End PBXHeadersBuildPhase section */

/* Begin PBXNativeTarget section */
		9D575FE2294817A400611C7D /* TestCart */ = {
			isa = PBXNativeTarget;
			buildConfigurationList = 9D575FEA294817A400611C7D /* Build configuration list for PBXNativeTarget "TestCart" */;
			buildPhases = (
				9D575FDE294817A400611C7D /* Headers */,
				9D575FDF294817A400611C7D /* Sources */,
				9D575FE0294817A400611C7D /* Frameworks */,
				9D575FE1294817A400611C7D /* Resources */,
			);
			buildRules = (
			);
			dependencies = (
			);
			name = TestCart;
			productName = TestCart;
			productReference = 9D575FE3294817A400611C7D /* TestCart.framework */;
			productType = "com.apple.product-type.framework";
		};
		9D575FF229481AEB00611C7D /* TestApp */ = {
			isa = PBXNativeTarget;
			buildConfigurationList = 9D57600129481AEC00611C7D /* Build configuration list for PBXNativeTarget "TestApp" */;
			buildPhases = (
				9D575FEF29481AEB00611C7D /* Sources */,
				9D575FF029481AEB00611C7D /* Frameworks */,
				9D575FF129481AEB00611C7D /* Resources */,
				9D57600929481B4500611C7D /* Embed Frameworks */,
			);
			buildRules = (
			);
			dependencies = (
				9D57600829481B4500611C7D /* PBXTargetDependency */,
			);
			name = TestApp;
			productName = TestApp;
			productReference = 9D575FF329481AEB00611C7D /* TestApp.app */;
			productType = "com.apple.product-type.application";
		};
/* End PBXNativeTarget section */

/* Begin PBXProject section */
		9D575FDA294817A400611C7D /* Project object */ = {
			isa = PBXProject;
			attributes = {
				BuildIndependentTargetsInParallel = 1;
				LastSwiftUpdateCheck = 1410;
				LastUpgradeCheck = 1410;
				TargetAttributes = {
					9D575FE2294817A400611C7D = {
						CreatedOnToolsVersion = 14.1;
						LastSwiftMigration = 1410;
					};
					9D575FF229481AEB00611C7D = {
						CreatedOnToolsVersion = 14.1;
					};
				};
			};
			buildConfigurationList = 9D575FDD294817A400611C7D /* Build configuration list for PBXProject "TestCart" */;
			compatibilityVersion = "Xcode 14.0";
			developmentRegion = en;
			hasScannedForEncodings = 0;
			knownRegions = (
				en,
				Base,
			);
			mainGroup = 9D575FD9294817A400611C7D;
			productRefGroup = 9D575FE4294817A400611C7D /* Products */;
			projectDirPath = "";
			projectRoot = "";
			targets = (
				9D575FE2294817A400611C7D /* TestCart */,
				9D575FF229481AEB00611C7D /* TestApp */,
			);
		};
/* End PBXProject section */

/* Begin PBXResourcesBuildPhase section */
		9D575FE1294817A400611C7D /* Resources */ = {
			isa = PBXResourcesBuildPhase;
			buildActionMask = 2147483647;
			files = (
			);
			runOnlyForDeploymentPostprocessing = 0;
		};
		9D575FF129481AEB00611C7D /* Resources */ = {
			isa = PBXResourcesBuildPhase;
			buildActionMask = 2147483647;
			files = (
				9D57600029481AEC00611C7D /* LaunchScreen.storyboard in Resources */,
				9D575FFD29481AEC00611C7D /* Assets.xcassets in Resources */,
				9D575FFB29481AEB00611C7D /* Main.storyboard in Resources */,
			);
			runOnlyForDeploymentPostprocessing = 0;
		};
/* End PBXResourcesBuildPhase section */

/* Begin PBXSourcesBuildPhase section */
		9D575FDF294817A400611C7D /* Sources */ = {
			isa = PBXSourcesBuildPhase;
			buildActionMask = 2147483647;
			files = (
				9D575FEE294817E400611C7D /* TestHello.swift in Sources */,
			);
			runOnlyForDeploymentPostprocessing = 0;
		};
		9D575FEF29481AEB00611C7D /* Sources */ = {
			isa = PBXSourcesBuildPhase;
			buildActionMask = 2147483647;
			files = (
				9D575FF829481AEB00611C7D /* ViewController.swift in Sources */,
				9D575FF629481AEB00611C7D /* AppDelegate.swift in Sources */,
			);
			runOnlyForDeploymentPostprocessing = 0;
		};
/* End PBXSourcesBuildPhase section */

/* Begin PBXTargetDependency section */
		9D57600829481B4500611C7D /* PBXTargetDependency */ = {
			isa = PBXTargetDependency;
			target = 9D575FE2294817A400611C7D /* TestCart */;
			targetProxy = 9D57600729481B4500611C7D /* PBXContainerItemProxy */;
		};
/* End PBXTargetDependency section */

/* Begin PBXVariantGroup section */
		9D575FF929481AEB00611C7D /* Main.storyboard */ = {
			isa = PBXVariantGroup;
			children = (
				9D575FFA29481AEB00611C7D /* Base */,
			);
			name = Main.storyboard;
			sourceTree = "<group>";
		};
		9D575FFE29481AEC00611C7D /* LaunchScreen.storyboard */ = {
			isa = PBXVariantGroup;
			children = (
				9D575FFF29481AEC00611C7D /* Base */,
			);
			name = LaunchScreen.storyboard;
			sourceTree = "<group>";
		};
/* End PBXVariantGroup section */

/* Begin XCBuildConfiguration section */
		9D575FE8294817A400611C7D /* Debug */ = {
			isa = XCBuildConfiguration;
			buildSettings = {
				ALWAYS_SEARCH_USER_PATHS = NO;
				CLANG_ANALYZER_NONNULL = YES;
				CLANG_ANALYZER_NUMBER_OBJECT_CONVERSION = YES_AGGRESSIVE;
				CLANG_CXX_LANGUAGE_STANDARD = "gnu++20";
				CLANG_ENABLE_MODULES = YES;
				CLANG_ENABLE_OBJC_ARC = YES;
				CLANG_ENABLE_OBJC_WEAK = YES;
				CLANG_WARN_BLOCK_CAPTURE_AUTORELEASING = YES;
				CLANG_WARN_BOOL_CONVERSION = YES;
				CLANG_WARN_COMMA = YES;
				CLANG_WARN_CONSTANT_CONVERSION = YES;
				CLANG_WARN_DEPRECATED_OBJC_IMPLEMENTATIONS = YES;
				CLANG_WARN_DIRECT_OBJC_ISA_USAGE = YES_ERROR;
				CLANG_WARN_DOCUMENTATION_COMMENTS = YES;
				CLANG_WARN_EMPTY_BODY = YES;
				CLANG_WARN_ENUM_CONVERSION = YES;
				CLANG_WARN_INFINITE_RECURSION = YES;
				CLANG_WARN_INT_CONVERSION = YES;
				CLANG_WARN_NON_LITERAL_NULL_CONVERSION = YES;
				CLANG_WARN_OBJC_IMPLICIT_RETAIN_SELF = YES;
				CLANG_WARN_OBJC_LITERAL_CONVERSION = YES;
				CLANG_WARN_OBJC_ROOT_CLASS = YES_ERROR;
				CLANG_WARN_QUOTED_INCLUDE_IN_FRAMEWORK_HEADER = YES;
				CLANG_WARN_RANGE_LOOP_ANALYSIS = YES;
				CLANG_WARN_STRICT_PROTOTYPES = YES;
				CLANG_WARN_SUSPICIOUS_MOVE = YES;
				CLANG_WARN_UNGUARDED_AVAILABILITY = YES_AGGRESSIVE;
				CLANG_WARN_UNREACHABLE_CODE = YES;
				CLANG_WARN__DUPLICATE_METHOD_MATCH = YES;
				COPY_PHASE_STRIP = NO;
				CURRENT_PROJECT_VERSION = 1;
				DEBUG_INFORMATION_FORMAT = dwarf;
				ENABLE_STRICT_OBJC_MSGSEND = YES;
				ENABLE_TESTABILITY = YES;
				GCC_C_LANGUAGE_STANDARD = gnu11;
				GCC_DYNAMIC_NO_PIC = NO;
				GCC_NO_COMMON_BLOCKS = YES;
				GCC_OPTIMIZATION_LEVEL = 0;
				GCC_PREPROCESSOR_DEFINITIONS = (
					"DEBUG=1",
					"$(inherited)",
				);
				GCC_WARN_64_TO_32_BIT_CONVERSION = YES;
				GCC_WARN_ABOUT_RETURN_TYPE = YES_ERROR;
				GCC_WARN_UNDECLARED_SELECTOR = YES;
				GCC_WARN_UNINITIALIZED_AUTOS = YES_AGGRESSIVE;
				GCC_WARN_UNUSED_FUNCTION = YES;
				GCC_WARN_UNUSED_VARIABLE = YES;
				MTL_ENABLE_DEBUG_INFO = INCLUDE_SOURCE;
				MTL_FAST_MATH = YES;
				ONLY_ACTIVE_ARCH = YES;
				SDKROOT = appletvos;
				SWIFT_ACTIVE_COMPILATION_CONDITIONS = DEBUG;
				SWIFT_OPTIMIZATION_LEVEL = "-Onone";
				TVOS_DEPLOYMENT_TARGET = 16.1;
				VERSIONING_SYSTEM = "apple-generic";
				VERSION_INFO_PREFIX = "";
			};
			name = Debug;
		};
		9D575FE9294817A400611C7D /* Release */ = {
			isa = XCBuildConfiguration;
			buildSettings = {
				ALWAYS_SEARCH_USER_PATHS = NO;
				CLANG_ANALYZER_NONNULL = YES;
				CLANG_ANALYZER_NUMBER_OBJECT_CONVERSION = YES_AGGRESSIVE;
				CLANG_CXX_LANGUAGE_STANDARD = "gnu++20";
				CLANG_ENABLE_MODULES = YES;
				CLANG_ENABLE_OBJC_ARC = YES;
				CLANG_ENABLE_OBJC_WEAK = YES;
				CLANG_WARN_BLOCK_CAPTURE_AUTORELEASING = YES;
				CLANG_WARN_BOOL_CONVERSION = YES;
				CLANG_WARN_COMMA = YES;
				CLANG_WARN_CONSTANT_CONVERSION = YES;
				CLANG_WARN_DEPRECATED_OBJC_IMPLEMENTATIONS = YES;
				CLANG_WARN_DIRECT_OBJC_ISA_USAGE = YES_ERROR;
				CLANG_WARN_DOCUMENTATION_COMMENTS = YES;
				CLANG_WARN_EMPTY_BODY = YES;
				CLANG_WARN_ENUM_CONVERSION = YES;
				CLANG_WARN_INFINITE_RECURSION = YES;
				CLANG_WARN_INT_CONVERSION = YES;
				CLANG_WARN_NON_LITERAL_NULL_CONVERSION = YES;
				CLANG_WARN_OBJC_IMPLICIT_RETAIN_SELF = YES;
				CLANG_WARN_OBJC_LITERAL_CONVERSION = YES;
				CLANG_WARN_OBJC_ROOT_CLASS = YES_ERROR;
				CLANG_WARN_QUOTED_INCLUDE_IN_FRAMEWORK_HEADER = YES;
				CLANG_WARN_RANGE_LOOP_ANALYSIS = YES;
				CLANG_WARN_STRICT_PROTOTYPES = YES;
				CLANG_WARN_SUSPICIOUS_MOVE = YES;
				CLANG_WARN_UNGUARDED_AVAILABILITY = YES_AGGRESSIVE;
				CLANG_WARN_UNREACHABLE_CODE = YES;
				CLANG_WARN__DUPLICATE_METHOD_MATCH = YES;
				COPY_PHASE_STRIP = NO;
				CURRENT_PROJECT_VERSION = 1;
				DEBUG_INFORMATION_FORMAT = "dwarf-with-dsym";
				ENABLE_NS_ASSERTIONS = NO;
				ENABLE_STRICT_OBJC_MSGSEND = YES;
				GCC_C_LANGUAGE_STANDARD = gnu11;
				GCC_NO_COMMON_BLOCKS = YES;
				GCC_WARN_64_TO_32_BIT_CONVERSION = YES;
				GCC_WARN_ABOUT_RETURN_TYPE = YES_ERROR;
				GCC_WARN_UNDECLARED_SELECTOR = YES;
				GCC_WARN_UNINITIALIZED_AUTOS = YES_AGGRESSIVE;
				GCC_WARN_UNUSED_FUNCTION = YES;
				GCC_WARN_UNUSED_VARIABLE = YES;
				MTL_ENABLE_DEBUG_INFO = NO;
				MTL_FAST_MATH = YES;
				SDKROOT = appletvos;
				SWIFT_COMPILATION_MODE = wholemodule;
				SWIFT_OPTIMIZATION_LEVEL = "-O";
				TVOS_DEPLOYMENT_TARGET = 16.1;
				VALIDATE_PRODUCT = YES;
				VERSIONING_SYSTEM = "apple-generic";
				VERSION_INFO_PREFIX = "";
			};
			name = Release;
		};
		9D575FEB294817A400611C7D /* Debug */ = {
			isa = XCBuildConfiguration;
			buildSettings = {
				BUILD_LIBRARY_FOR_DISTRIBUTION = YES;
				CLANG_ENABLE_MODULES = YES;
				CODE_SIGN_STYLE = Automatic;
				CURRENT_PROJECT_VERSION = 1;
				DEFINES_MODULE = YES;
				DEVELOPMENT_TEAM = X77M95VSB8;
				DYLIB_COMPATIBILITY_VERSION = 1;
				DYLIB_CURRENT_VERSION = 1;
				DYLIB_INSTALL_NAME_BASE = "@rpath";
				GENERATE_INFOPLIST_FILE = YES;
				INFOPLIST_KEY_NSHumanReadableCopyright = "";
				INSTALL_PATH = "$(LOCAL_LIBRARY_DIR)/Frameworks";
				LD_RUNPATH_SEARCH_PATHS = (
					"$(inherited)",
					"@executable_path/Frameworks",
					"@loader_path/Frameworks",
				);
				MARKETING_VERSION = 1.0;
				PRODUCT_BUNDLE_IDENTIFIER = xyz.mybaidu.TestCart;
				PRODUCT_NAME = "$(TARGET_NAME:c99extidentifier)";
				SKIP_INSTALL = YES;
				SWIFT_EMIT_LOC_STRINGS = YES;
				SWIFT_OPTIMIZATION_LEVEL = "-Onone";
				SWIFT_VERSION = 5.0;
				TARGETED_DEVICE_FAMILY = 3;
			};
			name = Debug;
		};
		9D575FEC294817A400611C7D /* Release */ = {
			isa = XCBuildConfiguration;
			buildSettings = {
				BUILD_LIBRARY_FOR_DISTRIBUTION = YES;
				CLANG_ENABLE_MODULES = YES;
				CODE_SIGN_STYLE = Automatic;
				CURRENT_PROJECT_VERSION = 1;
				DEFINES_MODULE = YES;
				DEVELOPMENT_TEAM = X77M95VSB8;
				DYLIB_COMPATIBILITY_VERSION = 1;
				DYLIB_CURRENT_VERSION = 1;
				DYLIB_INSTALL_NAME_BASE = "@rpath";
				GENERATE_INFOPLIST_FILE = YES;
				INFOPLIST_KEY_NSHumanReadableCopyright = "";
				INSTALL_PATH = "$(LOCAL_LIBRARY_DIR)/Frameworks";
				LD_RUNPATH_SEARCH_PATHS = (
					"$(inherited)",
					"@executable_path/Frameworks",
					"@loader_path/Frameworks",
				);
				MARKETING_VERSION = 1.0;
				PRODUCT_BUNDLE_IDENTIFIER = xyz.mybaidu.TestCart;
				PRODUCT_NAME = "$(TARGET_NAME:c99extidentifier)";
				SKIP_INSTALL = YES;
				SWIFT_EMIT_LOC_STRINGS = YES;
				SWIFT_VERSION = 5.0;
				TARGETED_DEVICE_FAMILY = 3;
			};
			name = Release;
		};
		9D57600229481AEC00611C7D /* Debug */ = {
			isa = XCBuildConfiguration;
			buildSettings = {
				ASSETCATALOG_COMPILER_APPICON_NAME = "App Icon & Top Shelf Image";
				ASSETCATALOG_COMPILER_GLOBAL_ACCENT_COLOR_NAME = AccentColor;
				CODE_SIGN_STYLE = Automatic;
				CURRENT_PROJECT_VERSION = 1;
				DEVELOPMENT_TEAM = X77M95VSB8;
				GENERATE_INFOPLIST_FILE = YES;
				INFOPLIST_KEY_UILaunchStoryboardName = LaunchScreen;
				INFOPLIST_KEY_UIMainStoryboardFile = Main;
				INFOPLIST_KEY_UIUserInterfaceStyle = Automatic;
				LD_RUNPATH_SEARCH_PATHS = (
					"$(inherited)",
					"@executable_path/Frameworks",
				);
				MARKETING_VERSION = 1.0;
				PRODUCT_BUNDLE_IDENTIFIER = xyz.mybaidu.TestApp;
				PRODUCT_NAME = "$(TARGET_NAME)";
				SWIFT_EMIT_LOC_STRINGS = YES;
				SWIFT_VERSION = 5.0;
				TARGETED_DEVICE_FAMILY = 3;
			};
			name = Debug;
		};
		9D57600329481AEC00611C7D /* Release */ = {
			isa = XCBuildConfiguration;
			buildSettings = {
				ASSETCATALOG_COMPILER_APPICON_NAME = "App Icon & Top Shelf Image";
				ASSETCATALOG_COMPILER_GLOBAL_ACCENT_COLOR_NAME = AccentColor;
				CODE_SIGN_STYLE = Automatic;
				CURRENT_PROJECT_VERSION = 1;
				DEVELOPMENT_TEAM = X77M95VSB8;
				GENERATE_INFOPLIST_FILE = YES;
				INFOPLIST_KEY_UILaunchStoryboardName = LaunchScreen;
				INFOPLIST_KEY_UIMainStoryboardFile = Main;
				INFOPLIST_KEY_UIUserInterfaceStyle = Automatic;
				LD_RUNPATH_SEARCH_PATHS = (
					"$(inherited)",
					"@executable_path/Frameworks",
				);
				MARKETING_VERSION = 1.0;
				PRODUCT_BUNDLE_IDENTIFIER = xyz.mybaidu.TestApp;
				PRODUCT_NAME = "$(TARGET_NAME)";
				SWIFT_EMIT_LOC_STRINGS = YES;
				SWIFT_VERSION = 5.0;
				TARGETED_DEVICE_FAMILY = 3;
			};
			name = Release;
		};
/* End XCBuildConfiguration section */

/* Begin XCConfigurationList section */
		9D575FDD294817A400611C7D /* Build configuration list for PBXProject "TestCart" */ = {
			isa = XCConfigurationList;
			buildConfigurations = (
				9D575FE8294817A400611C7D /* Debug */,
				9D575FE9294817A400611C7D /* Release */,
			);
			defaultConfigurationIsVisible = 0;
			defaultConfigurationName = Release;
		};
		9D575FEA294817A400611C7D /* Build configuration list for PBXNativeTarget "TestCart" */ = {
			isa = XCConfigurationList;
			buildConfigurations = (
				9D575FEB294817A400611C7D /* Debug */,
				9D575FEC294817A400611C7D /* Release */,
			);
			defaultConfigurationIsVisible = 0;
			defaultConfigurationName = Release;
		};
		9D57600129481AEC00611C7D /* Build configuration list for PBXNativeTarget "TestApp" */ = {
			isa = XCConfigurationList;
			buildConfigurations = (
				9D57600229481AEC00611C7D /* Debug */,
				9D57600329481AEC00611C7D /* Release */,
			);
			defaultConfigurationIsVisible = 0;
			defaultConfigurationName = Release;
		};
/* End XCConfigurationList section */
	};
	rootObject = 9D575FDA294817A400611C7D /* Project object */;
}
